
Microsoft Visual Studio Solution File, Format Version 12.00
# Visual Studio 15
VisualStudioVersion = 15.0.26124.0
MinimumVisualStudioVersion = 15.0.26124.0
Project("{FAE04EC0-301F-11D3-BF4B-00C04F79EFBC}") = "UnitTests", "UnitTests\UnitTests.csproj", "{5E80996D-7048-462D-820D-BC2651BA6EB4}"
EndProject
Project("{FAE04EC0-301F-11D3-BF4B-00C04F79EFBC}") = "BinaryGap", "src\BinaryGap\BinaryGap.csproj", "{04392811-6AA2-4A6C-ACAF-0007A003F664}"
EndProject
Project("{FAE04EC0-301F-11D3-BF4B-00C04F79EFBC}") = "PlanetTemperatures", "src\PlanetTemperatures\PlanetTemperatures.csproj", "{66E73217-9D58-4295-8378-EC865840F3E5}"
EndProject
Project("{FAE04EC0-301F-11D3-BF4B-00C04F79EFBC}") = "SoldierRanks", "src\SoldierRanks\SoldierRanks.csproj", "{C161FBCA-F789-45DF-94DC-939FD3AF8964}"
EndProject
Project("{2150E333-8FDC-42A3-9474-1A3956D46DE8}") = "src", "src", "{5D1C2B84-D347-427F-9061-375C613366AD}"
EndProject
Project("{FAE04EC0-301F-11D3-BF4B-00C04F79EFBC}") = "Chessboard", "src\Chessboard\Chessboard.csproj", "{AB345447-61F8-4F5E-9CAD-1015C5227E1F}"
EndProject
Project("{FAE04EC0-301F-11D3-BF4B-00C04F79EFBC}") = "LinkedLists", "src\LinkedLists\LinkedLists.csproj", "{A6ABAFEE-6BB2-47D8-A316-A7794EE57E4D}"
EndProject
Project("{FAE04EC0-301F-11D3-BF4B-00C04F79EFBC}") = "SmallestPositiveMissingInteger", "CodilityPracticeTest\SmallestPositiveMissingInteger.csproj", "{E7362C5C-070E-44EA-9ADF-8F2AE48F47F7}"
EndProject
Project("{FAE04EC0-301F-11D3-BF4B-00C04F79EFBC}") = "CodilityPracticeTest", "CodilityPracticeTest.Test\CodilityPracticeTest.csproj", "{0E982527-BE13-41C1-960E-A4DF651FD68C}"
EndProject
Project("{FAE04EC0-301F-11D3-BF4B-00C04F79EFBC}") = "WhichBranchIsBigger", "WhichBranchIsBigger\WhichBranchIsBigger.csproj", "{7AD2051B-A5D9-4D42-B64D-4949505B9431}"
EndProject
Project("{FAE04EC0-301F-11D3-BF4B-00C04F79EFBC}") = "WhichBranchIsBigger.Test", "WhichBranchIsBigger.Test\WhichBranchIsBigger.Test.csproj", "{9325D9DF-F3E6-468C-B413-F941C4B84C30}"
EndProject
Global
	GlobalSection(SolutionConfigurationPlatforms) = preSolution
		Debug|Any CPU = Debug|Any CPU
		Debug|x64 = Debug|x64
		Debug|x86 = Debug|x86
		Release|Any CPU = Release|Any CPU
		Release|x64 = Release|x64
		Release|x86 = Release|x86
	EndGlobalSection
	GlobalSection(SolutionProperties) = preSolution
		HideSolutionNode = FALSE
	EndGlobalSection
	GlobalSection(ProjectConfigurationPlatforms) = postSolution
		{5E80996D-7048-462D-820D-BC2651BA6EB4}.Debug|Any CPU.ActiveCfg = Debug|Any CPU
		{5E80996D-7048-462D-820D-BC2651BA6EB4}.Debug|Any CPU.Build.0 = Debug|Any CPU
		{5E80996D-7048-462D-820D-BC2651BA6EB4}.Debug|x64.ActiveCfg = Debug|x64
		{5E80996D-7048-462D-820D-BC2651BA6EB4}.Debug|x64.Build.0 = Debug|x64
		{5E80996D-7048-462D-820D-BC2651BA6EB4}.Debug|x86.ActiveCfg = Debug|x86
		{5E80996D-7048-462D-820D-BC2651BA6EB4}.Debug|x86.Build.0 = Debug|x86
		{5E80996D-7048-462D-820D-BC2651BA6EB4}.Release|Any CPU.ActiveCfg = Release|Any CPU
		{5E80996D-7048-462D-820D-BC2651BA6EB4}.Release|Any CPU.Build.0 = Release|Any CPU
		{5E80996D-7048-462D-820D-BC2651BA6EB4}.Release|x64.ActiveCfg = Release|x64
		{5E80996D-7048-462D-820D-BC2651BA6EB4}.Release|x64.Build.0 = Release|x64
		{5E80996D-7048-462D-820D-BC2651BA6EB4}.Release|x86.ActiveCfg = Release|x86
		{5E80996D-7048-462D-820D-BC2651BA6EB4}.Release|x86.Build.0 = Release|x86
		{04392811-6AA2-4A6C-ACAF-0007A003F664}.Debug|Any CPU.ActiveCfg = Debug|Any CPU
		{04392811-6AA2-4A6C-ACAF-0007A003F664}.Debug|Any CPU.Build.0 = Debug|Any CPU
		{04392811-6AA2-4A6C-ACAF-0007A003F664}.Debug|x64.ActiveCfg = Debug|x64
		{04392811-6AA2-4A6C-ACAF-0007A003F664}.Debug|x64.Build.0 = Debug|x64
		{04392811-6AA2-4A6C-ACAF-0007A003F664}.Debug|x86.ActiveCfg = Debug|x86
		{04392811-6AA2-4A6C-ACAF-0007A003F664}.Debug|x86.Build.0 = Debug|x86
		{04392811-6AA2-4A6C-ACAF-0007A003F664}.Release|Any CPU.ActiveCfg = Release|Any CPU
		{04392811-6AA2-4A6C-ACAF-0007A003F664}.Release|Any CPU.Build.0 = Release|Any CPU
		{04392811-6AA2-4A6C-ACAF-0007A003F664}.Release|x64.ActiveCfg = Release|x64
		{04392811-6AA2-4A6C-ACAF-0007A003F664}.Release|x64.Build.0 = Release|x64
		{04392811-6AA2-4A6C-ACAF-0007A003F664}.Release|x86.ActiveCfg = Release|x86
		{04392811-6AA2-4A6C-ACAF-0007A003F664}.Release|x86.Build.0 = Release|x86
		{66E73217-9D58-4295-8378-EC865840F3E5}.Debug|Any CPU.ActiveCfg = Debug|Any CPU
		{66E73217-9D58-4295-8378-EC865840F3E5}.Debug|Any CPU.Build.0 = Debug|Any CPU
		{66E73217-9D58-4295-8378-EC865840F3E5}.Debug|x64.ActiveCfg = Debug|x64
		{66E73217-9D58-4295-8378-EC865840F3E5}.Debug|x64.Build.0 = Debug|x64
		{66E73217-9D58-4295-8378-EC865840F3E5}.Debug|x86.ActiveCfg = Debug|x86
		{66E73217-9D58-4295-8378-EC865840F3E5}.Debug|x86.Build.0 = Debug|x86
		{66E73217-9D58-4295-8378-EC865840F3E5}.Release|Any CPU.ActiveCfg = Release|Any CPU
		{66E73217-9D58-4295-8378-EC865840F3E5}.Release|Any CPU.Build.0 = Release|Any CPU
		{66E73217-9D58-4295-8378-EC865840F3E5}.Release|x64.ActiveCfg = Release|x64
		{66E73217-9D58-4295-8378-EC865840F3E5}.Release|x64.Build.0 = Release|x64
		{66E73217-9D58-4295-8378-EC865840F3E5}.Release|x86.ActiveCfg = Release|x86
		{66E73217-9D58-4295-8378-EC865840F3E5}.Release|x86.Build.0 = Release|x86
		{C161FBCA-F789-45DF-94DC-939FD3AF8964}.Debug|Any CPU.ActiveCfg = Debug|Any CPU
		{C161FBCA-F789-45DF-94DC-939FD3AF8964}.Debug|Any CPU.Build.0 = Debug|Any CPU
		{C161FBCA-F789-45DF-94DC-939FD3AF8964}.Debug|x64.ActiveCfg = Debug|x64
		{C161FBCA-F789-45DF-94DC-939FD3AF8964}.Debug|x64.Build.0 = Debug|x64
		{C161FBCA-F789-45DF-94DC-939FD3AF8964}.Debug|x86.ActiveCfg = Debug|x86
		{C161FBCA-F789-45DF-94DC-939FD3AF8964}.Debug|x86.Build.0 = Debug|x86
		{C161FBCA-F789-45DF-94DC-939FD3AF8964}.Release|Any CPU.ActiveCfg = Release|Any CPU
		{C161FBCA-F789-45DF-94DC-939FD3AF8964}.Release|Any CPU.Build.0 = Release|Any CPU
		{C161FBCA-F789-45DF-94DC-939FD3AF8964}.Release|x64.ActiveCfg = Release|x64
		{C161FBCA-F789-45DF-94DC-939FD3AF8964}.Release|x64.Build.0 = Release|x64
		{C161FBCA-F789-45DF-94DC-939FD3AF8964}.Release|x86.ActiveCfg = Release|x86
		{C161FBCA-F789-45DF-94DC-939FD3AF8964}.Release|x86.Build.0 = Release|x86
		{AB345447-61F8-4F5E-9CAD-1015C5227E1F}.Debug|Any CPU.ActiveCfg = Debug|Any CPU
		{AB345447-61F8-4F5E-9CAD-1015C5227E1F}.Debug|Any CPU.Build.0 = Debug|Any CPU
		{AB345447-61F8-4F5E-9CAD-1015C5227E1F}.Debug|x64.ActiveCfg = Debug|x64
		{AB345447-61F8-4F5E-9CAD-1015C5227E1F}.Debug|x64.Build.0 = Debug|x64
		{AB345447-61F8-4F5E-9CAD-1015C5227E1F}.Debug|x86.ActiveCfg = Debug|x86
		{AB345447-61F8-4F5E-9CAD-1015C5227E1F}.Debug|x86.Build.0 = Debug|x86
		{AB345447-61F8-4F5E-9CAD-1015C5227E1F}.Release|Any CPU.ActiveCfg = Release|Any CPU
		{AB345447-61F8-4F5E-9CAD-1015C5227E1F}.Release|Any CPU.Build.0 = Release|Any CPU
		{AB345447-61F8-4F5E-9CAD-1015C5227E1F}.Release|x64.ActiveCfg = Release|x64
		{AB345447-61F8-4F5E-9CAD-1015C5227E1F}.Release|x64.Build.0 = Release|x64
		{AB345447-61F8-4F5E-9CAD-1015C5227E1F}.Release|x86.ActiveCfg = Release|x86
		{AB345447-61F8-4F5E-9CAD-1015C5227E1F}.Release|x86.Build.0 = Release|x86
		{A6ABAFEE-6BB2-47D8-A316-A7794EE57E4D}.Debug|Any CPU.ActiveCfg = Debug|Any CPU
		{A6ABAFEE-6BB2-47D8-A316-A7794EE57E4D}.Debug|Any CPU.Build.0 = Debug|Any CPU
		{A6ABAFEE-6BB2-47D8-A316-A7794EE57E4D}.Debug|x64.ActiveCfg = Debug|x64
		{A6ABAFEE-6BB2-47D8-A316-A7794EE57E4D}.Debug|x64.Build.0 = Debug|x64
		{A6ABAFEE-6BB2-47D8-A316-A7794EE57E4D}.Debug|x86.ActiveCfg = Debug|x86
		{A6ABAFEE-6BB2-47D8-A316-A7794EE57E4D}.Debug|x86.Build.0 = Debug|x86
		{A6ABAFEE-6BB2-47D8-A316-A7794EE57E4D}.Release|Any CPU.ActiveCfg = Release|Any CPU
		{A6ABAFEE-6BB2-47D8-A316-A7794EE57E4D}.Release|Any CPU.Build.0 = Release|Any CPU
		{A6ABAFEE-6BB2-47D8-A316-A7794EE57E4D}.Release|x64.ActiveCfg = Release|x64
		{A6ABAFEE-6BB2-47D8-A316-A7794EE57E4D}.Release|x64.Build.0 = Release|x64
		{A6ABAFEE-6BB2-47D8-A316-A7794EE57E4D}.Release|x86.ActiveCfg = Release|x86
		{A6ABAFEE-6BB2-47D8-A316-A7794EE57E4D}.Release|x86.Build.0 = Release|x86
		{E7362C5C-070E-44EA-9ADF-8F2AE48F47F7}.Debug|Any CPU.ActiveCfg = Debug|Any CPU
		{E7362C5C-070E-44EA-9ADF-8F2AE48F47F7}.Debug|Any CPU.Build.0 = Debug|Any CPU
		{E7362C5C-070E-44EA-9ADF-8F2AE48F47F7}.Debug|x64.ActiveCfg = Debug|Any CPU
		{E7362C5C-070E-44EA-9ADF-8F2AE48F47F7}.Debug|x64.Build.0 = Debug|Any CPU
		{E7362C5C-070E-44EA-9ADF-8F2AE48F47F7}.Debug|x86.ActiveCfg = Debug|Any CPU
		{E7362C5C-070E-44EA-9ADF-8F2AE48F47F7}.Debug|x86.Build.0 = Debug|Any CPU
		{E7362C5C-070E-44EA-9ADF-8F2AE48F47F7}.Release|Any CPU.ActiveCfg = Release|Any CPU
		{E7362C5C-070E-44EA-9ADF-8F2AE48F47F7}.Release|Any CPU.Build.0 = Release|Any CPU
		{E7362C5C-070E-44EA-9ADF-8F2AE48F47F7}.Release|x64.ActiveCfg = Release|Any CPU
		{E7362C5C-070E-44EA-9ADF-8F2AE48F47F7}.Release|x64.Build.0 = Release|Any CPU
		{E7362C5C-070E-44EA-9ADF-8F2AE48F47F7}.Release|x86.ActiveCfg = Release|Any CPU
		{E7362C5C-070E-44EA-9ADF-8F2AE48F47F7}.Release|x86.Build.0 = Release|Any CPU
		{0E982527-BE13-41C1-960E-A4DF651FD68C}.Debug|Any CPU.ActiveCfg = Debug|Any CPU
		{0E982527-BE13-41C1-960E-A4DF651FD68C}.Debug|Any CPU.Build.0 = Debug|Any CPU
		{0E982527-BE13-41C1-960E-A4DF651FD68C}.Debug|x64.ActiveCfg = Debug|Any CPU
		{0E982527-BE13-41C1-960E-A4DF651FD68C}.Debug|x64.Build.0 = Debug|Any CPU
		{0E982527-BE13-41C1-960E-A4DF651FD68C}.Debug|x86.ActiveCfg = Debug|Any CPU
		{0E982527-BE13-41C1-960E-A4DF651FD68C}.Debug|x86.Build.0 = Debug|Any CPU
		{0E982527-BE13-41C1-960E-A4DF651FD68C}.Release|Any CPU.ActiveCfg = Release|Any CPU
		{0E982527-BE13-41C1-960E-A4DF651FD68C}.Release|Any CPU.Build.0 = Release|Any CPU
		{0E982527-BE13-41C1-960E-A4DF651FD68C}.Release|x64.ActiveCfg = Release|Any CPU
		{0E982527-BE13-41C1-960E-A4DF651FD68C}.Release|x64.Build.0 = Release|Any CPU
		{0E982527-BE13-41C1-960E-A4DF651FD68C}.Release|x86.ActiveCfg = Release|Any CPU
		{0E982527-BE13-41C1-960E-A4DF651FD68C}.Release|x86.Build.0 = Release|Any CPU
		{7AD2051B-A5D9-4D42-B64D-4949505B9431}.Debug|Any CPU.ActiveCfg = Debug|Any CPU
		{7AD2051B-A5D9-4D42-B64D-4949505B9431}.Debug|Any CPU.Build.0 = Debug|Any CPU
		{7AD2051B-A5D9-4D42-B64D-4949505B9431}.Debug|x64.ActiveCfg = Debug|Any CPU
		{7AD2051B-A5D9-4D42-B64D-4949505B9431}.Debug|x64.Build.0 = Debug|Any CPU
		{7AD2051B-A5D9-4D42-B64D-4949505B9431}.Debug|x86.ActiveCfg = Debug|Any CPU
		{7AD2051B-A5D9-4D42-B64D-4949505B9431}.Debug|x86.Build.0 = Debug|Any CPU
		{7AD2051B-A5D9-4D42-B64D-4949505B9431}.Release|Any CPU.ActiveCfg = Release|Any CPU
		{7AD2051B-A5D9-4D42-B64D-4949505B9431}.Release|Any CPU.Build.0 = Release|Any CPU
		{7AD2051B-A5D9-4D42-B64D-4949505B9431}.Release|x64.ActiveCfg = Release|Any CPU
		{7AD2051B-A5D9-4D42-B64D-4949505B9431}.Release|x64.Build.0 = Release|Any CPU
		{7AD2051B-A5D9-4D42-B64D-4949505B9431}.Release|x86.ActiveCfg = Release|Any CPU
		{7AD2051B-A5D9-4D42-B64D-4949505B9431}.Release|x86.Build.0 = Release|Any CPU
		{9325D9DF-F3E6-468C-B413-F941C4B84C30}.Debug|Any CPU.ActiveCfg = Debug|Any CPU
		{9325D9DF-F3E6-468C-B413-F941C4B84C30}.Debug|Any CPU.Build.0 = Debug|Any CPU
		{9325D9DF-F3E6-468C-B413-F941C4B84C30}.Debug|x64.ActiveCfg = Debug|Any CPU
		{9325D9DF-F3E6-468C-B413-F941C4B84C30}.Debug|x64.Build.0 = Debug|Any CPU
		{9325D9DF-F3E6-468C-B413-F941C4B84C30}.Debug|x86.ActiveCfg = Debug|Any CPU
		{9325D9DF-F3E6-468C-B413-F941C4B84C30}.Debug|x86.Build.0 = Debug|Any CPU
		{9325D9DF-F3E6-468C-B413-F941C4B84C30}.Release|Any CPU.ActiveCfg = Release|Any CPU
		{9325D9DF-F3E6-468C-B413-F941C4B84C30}.Release|Any CPU.Build.0 = Release|Any CPU
		{9325D9DF-F3E6-468C-B413-F941C4B84C30}.Release|x64.ActiveCfg = Release|Any CPU
		{9325D9DF-F3E6-468C-B413-F941C4B84C30}.Release|x64.Build.0 = Release|Any CPU
		{9325D9DF-F3E6-468C-B413-F941C4B84C30}.Release|x86.ActiveCfg = Release|Any CPU
		{9325D9DF-F3E6-468C-B413-F941C4B84C30}.Release|x86.Build.0 = Release|Any CPU
	EndGlobalSection
	GlobalSection(NestedProjects) = preSolution
		{AB345447-61F8-4F5E-9CAD-1015C5227E1F} = {5D1C2B84-D347-427F-9061-375C613366AD}
		{A6ABAFEE-6BB2-47D8-A316-A7794EE57E4D} = {5D1C2B84-D347-427F-9061-375C613366AD}
	EndGlobalSection
EndGlobal
