
Microsoft Visual Studio Solution File, Format Version 12.00
# Visual Studio 15
Project("{FAE04EC0-301F-11D3-BF4B-00C04F79EFBC}") = "QuickSort", "QuickSort\QuickSort.csproj", "{CC7E5AE0-622A-433C-B42A-F36AB460665E}"
EndProject
Project("{FAE04EC0-301F-11D3-BF4B-00C04F79EFBC}") = "QuickSortMain", "QuickSortMain\QuickSortMain.csproj", "{F8B634BE-594C-40BF-A95C-2CD069BAEC2C}"
EndProject
Global
	GlobalSection(SolutionConfigurationPlatforms) = preSolution
		Debug|Any CPU = Debug|Any CPU
		Release|Any CPU = Release|Any CPU
	EndGlobalSection
	GlobalSection(ProjectConfigurationPlatforms) = postSolution
		{CC7E5AE0-622A-433C-B42A-F36AB460665E}.Debug|Any CPU.ActiveCfg = Debug|Any CPU
		{CC7E5AE0-622A-433C-B42A-F36AB460665E}.Debug|Any CPU.Build.0 = Debug|Any CPU
		{CC7E5AE0-622A-433C-B42A-F36AB460665E}.Release|Any CPU.ActiveCfg = Release|Any CPU
		{CC7E5AE0-622A-433C-B42A-F36AB460665E}.Release|Any CPU.Build.0 = Release|Any CPU
		{F8B634BE-594C-40BF-A95C-2CD069BAEC2C}.Debug|Any CPU.ActiveCfg = Debug|Any CPU
		{F8B634BE-594C-40BF-A95C-2CD069BAEC2C}.Debug|Any CPU.Build.0 = Debug|Any CPU
		{F8B634BE-594C-40BF-A95C-2CD069BAEC2C}.Release|Any CPU.ActiveCfg = Release|Any CPU
		{F8B634BE-594C-40BF-A95C-2CD069BAEC2C}.Release|Any CPU.Build.0 = Release|Any CPU
	EndGlobalSection
EndGlobal
