
Microsoft Visual Studio Solution File, Format Version 12.00
# Visual Studio 15
VisualStudioVersion = 15.0.26124.0
MinimumVisualStudioVersion = 15.0.26124.0
Project("{FAE04EC0-301F-11D3-BF4B-00C04F79EFBC}") = "TreeNode", "TreeNode\TreeNode.csproj", "{2430778F-7573-4382-914A-46052FA7EE7E}"
EndProject
Project("{FAE04EC0-301F-11D3-BF4B-00C04F79EFBC}") = "InOrderTraversal", "InOrderTraversal\InOrderTraversal.csproj", "{4C42EC7A-17B8-412D-AE96-47F85F571C64}"
EndProject
Project("{FAE04EC0-301F-11D3-BF4B-00C04F79EFBC}") = "UnitTests", "UnitTests\UnitTests.csproj", "{15CFDBD4-3A72-49B0-A96A-EC3F07680E2E}"
EndProject
Project("{FAE04EC0-301F-11D3-BF4B-00C04F79EFBC}") = "CreateShortestBinaryTree", "CreateShortestBinaryTree\CreateShortestBinaryTree.csproj", "{06F474CA-B923-43C6-B68A-9CDFBC673601}"
EndProject
Global
	GlobalSection(SolutionConfigurationPlatforms) = preSolution
		Debug|Any CPU = Debug|Any CPU
		Debug|x64 = Debug|x64
		Debug|x86 = Debug|x86
		Release|Any CPU = Release|Any CPU
		Release|x64 = Release|x64
		Release|x86 = Release|x86
	EndGlobalSection
	GlobalSection(SolutionProperties) = preSolution
		HideSolutionNode = FALSE
	EndGlobalSection
	GlobalSection(ProjectConfigurationPlatforms) = postSolution
		{2430778F-7573-4382-914A-46052FA7EE7E}.Debug|Any CPU.ActiveCfg = Debug|Any CPU
		{2430778F-7573-4382-914A-46052FA7EE7E}.Debug|Any CPU.Build.0 = Debug|Any CPU
		{2430778F-7573-4382-914A-46052FA7EE7E}.Debug|x64.ActiveCfg = Debug|x64
		{2430778F-7573-4382-914A-46052FA7EE7E}.Debug|x64.Build.0 = Debug|x64
		{2430778F-7573-4382-914A-46052FA7EE7E}.Debug|x86.ActiveCfg = Debug|x86
		{2430778F-7573-4382-914A-46052FA7EE7E}.Debug|x86.Build.0 = Debug|x86
		{2430778F-7573-4382-914A-46052FA7EE7E}.Release|Any CPU.ActiveCfg = Release|Any CPU
		{2430778F-7573-4382-914A-46052FA7EE7E}.Release|Any CPU.Build.0 = Release|Any CPU
		{2430778F-7573-4382-914A-46052FA7EE7E}.Release|x64.ActiveCfg = Release|x64
		{2430778F-7573-4382-914A-46052FA7EE7E}.Release|x64.Build.0 = Release|x64
		{2430778F-7573-4382-914A-46052FA7EE7E}.Release|x86.ActiveCfg = Release|x86
		{2430778F-7573-4382-914A-46052FA7EE7E}.Release|x86.Build.0 = Release|x86
		{4C42EC7A-17B8-412D-AE96-47F85F571C64}.Debug|Any CPU.ActiveCfg = Debug|Any CPU
		{4C42EC7A-17B8-412D-AE96-47F85F571C64}.Debug|Any CPU.Build.0 = Debug|Any CPU
		{4C42EC7A-17B8-412D-AE96-47F85F571C64}.Debug|x64.ActiveCfg = Debug|x64
		{4C42EC7A-17B8-412D-AE96-47F85F571C64}.Debug|x64.Build.0 = Debug|x64
		{4C42EC7A-17B8-412D-AE96-47F85F571C64}.Debug|x86.ActiveCfg = Debug|x86
		{4C42EC7A-17B8-412D-AE96-47F85F571C64}.Debug|x86.Build.0 = Debug|x86
		{4C42EC7A-17B8-412D-AE96-47F85F571C64}.Release|Any CPU.ActiveCfg = Release|Any CPU
		{4C42EC7A-17B8-412D-AE96-47F85F571C64}.Release|Any CPU.Build.0 = Release|Any CPU
		{4C42EC7A-17B8-412D-AE96-47F85F571C64}.Release|x64.ActiveCfg = Release|x64
		{4C42EC7A-17B8-412D-AE96-47F85F571C64}.Release|x64.Build.0 = Release|x64
		{4C42EC7A-17B8-412D-AE96-47F85F571C64}.Release|x86.ActiveCfg = Release|x86
		{4C42EC7A-17B8-412D-AE96-47F85F571C64}.Release|x86.Build.0 = Release|x86
		{15CFDBD4-3A72-49B0-A96A-EC3F07680E2E}.Debug|Any CPU.ActiveCfg = Debug|Any CPU
		{15CFDBD4-3A72-49B0-A96A-EC3F07680E2E}.Debug|Any CPU.Build.0 = Debug|Any CPU
		{15CFDBD4-3A72-49B0-A96A-EC3F07680E2E}.Debug|x64.ActiveCfg = Debug|x64
		{15CFDBD4-3A72-49B0-A96A-EC3F07680E2E}.Debug|x64.Build.0 = Debug|x64
		{15CFDBD4-3A72-49B0-A96A-EC3F07680E2E}.Debug|x86.ActiveCfg = Debug|x86
		{15CFDBD4-3A72-49B0-A96A-EC3F07680E2E}.Debug|x86.Build.0 = Debug|x86
		{15CFDBD4-3A72-49B0-A96A-EC3F07680E2E}.Release|Any CPU.ActiveCfg = Release|Any CPU
		{15CFDBD4-3A72-49B0-A96A-EC3F07680E2E}.Release|Any CPU.Build.0 = Release|Any CPU
		{15CFDBD4-3A72-49B0-A96A-EC3F07680E2E}.Release|x64.ActiveCfg = Release|x64
		{15CFDBD4-3A72-49B0-A96A-EC3F07680E2E}.Release|x64.Build.0 = Release|x64
		{15CFDBD4-3A72-49B0-A96A-EC3F07680E2E}.Release|x86.ActiveCfg = Release|x86
		{15CFDBD4-3A72-49B0-A96A-EC3F07680E2E}.Release|x86.Build.0 = Release|x86
		{06F474CA-B923-43C6-B68A-9CDFBC673601}.Debug|Any CPU.ActiveCfg = Debug|Any CPU
		{06F474CA-B923-43C6-B68A-9CDFBC673601}.Debug|Any CPU.Build.0 = Debug|Any CPU
		{06F474CA-B923-43C6-B68A-9CDFBC673601}.Debug|x64.ActiveCfg = Debug|x64
		{06F474CA-B923-43C6-B68A-9CDFBC673601}.Debug|x64.Build.0 = Debug|x64
		{06F474CA-B923-43C6-B68A-9CDFBC673601}.Debug|x86.ActiveCfg = Debug|x86
		{06F474CA-B923-43C6-B68A-9CDFBC673601}.Debug|x86.Build.0 = Debug|x86
		{06F474CA-B923-43C6-B68A-9CDFBC673601}.Release|Any CPU.ActiveCfg = Release|Any CPU
		{06F474CA-B923-43C6-B68A-9CDFBC673601}.Release|Any CPU.Build.0 = Release|Any CPU
		{06F474CA-B923-43C6-B68A-9CDFBC673601}.Release|x64.ActiveCfg = Release|x64
		{06F474CA-B923-43C6-B68A-9CDFBC673601}.Release|x64.Build.0 = Release|x64
		{06F474CA-B923-43C6-B68A-9CDFBC673601}.Release|x86.ActiveCfg = Release|x86
		{06F474CA-B923-43C6-B68A-9CDFBC673601}.Release|x86.Build.0 = Release|x86
	EndGlobalSection
EndGlobal
